# Generated by move; do not edit
# This file should be checked in.

[move]
version = 3
manifest_digest = "9E504435D01ACBA0666B3A9C58FEA266AB760EFE0B72CFE0BAD79685B88CDEA3"
deps_digest = "F8BBB0CCB2491CA29A3DF03D6F92277A4F3574266507ACD77214D37ECA3F3082"
dependencies = [
  { id = "Sui", name = "Sui" },
]

[[move.package]]
id = "MoveStdlib"
source = { git = "https://github.com/MystenLabs/sui.git", rev = "mainnet-v1.48.4", subdir = "crates/sui-framework/packages/move-stdlib" }

[[move.package]]
id = "Sui"
source = { git = "https://github.com/MystenLabs/sui.git", rev = "mainnet-v1.48.4", subdir = "crates/sui-framework/packages/sui-framework/" }

dependencies = [
  { id = "MoveStdlib", name = "MoveStdlib" },
]

[move.toolchain-version]
compiler-version = "1.48.1"
edition = "2024.beta"
flavor = "sui"

[pinned.testnet.MoveStdlib]
source = { git = "https://github.com/MystenLabs/sui.git", subdir = "crates/sui-framework/packages/move-stdlib", rev = "5484a7e2b67cfc116cd235fa0b8e2b858058823b" }
use_environment = "testnet"
manifest_digest = "C4FE4C91DE74CBF223B2E380AE40F592177D21870DC2D7EB6227D2D694E05363"
deps = {}

[pinned.testnet.Sui]
source = { git = "https://github.com/MystenLabs/sui.git", subdir = "crates/sui-framework/packages/sui-framework", rev = "5484a7e2b67cfc116cd235fa0b8e2b858058823b" }
use_environment = "testnet"
manifest_digest = "7AFB66695545775FBFBB2D3078ADFD084244D5002392E837FDE21D9EA1C6D01C"
deps = { MoveStdlib = "MoveStdlib" }

[pinned.testnet.sentinel]
source = { root = true }
use_environment = "testnet"
manifest_digest = "0532D72C4F42A4472D331C54E2F8FB1595A305815D58568D26C6F8A4AC9BBFCE"
deps = { Sui = "Sui" }

[env]

[env.testnet]
chain-id = "4c78adac"
original-published-id = "0xb0a3b08be99cb5becf1787e565cdd027edc40791df89ca4a603ba7d1575b21e9"
latest-published-id = "0xb0a3b08be99cb5becf1787e565cdd027edc40791df89ca4a603ba7d1575b21e9"
published-version = "1"
