# Generated by move; do not edit
# This file should be checked in.

[move]
version = 3
manifest_digest = "5E75C4560F892CEA775F9A3C20EB4F170DC4F5386A6D43CFC5E75D74F0E15993"
deps_digest = "3C4103934B1E040BB6B23F1D610B4EF9F2F1166A50A104EADCF77467C004C600"
dependencies = [
  { id = "Sui", name = "Sui" },
  { id = "enclave", name = "enclave" },
]

[[move.package]]
id = "MoveStdlib"
source = { git = "https://github.com/MystenLabs/sui.git", rev = "mainnet-v1.48.4", subdir = "crates/sui-framework/packages/move-stdlib" }

[[move.package]]
id = "Sui"
source = { git = "https://github.com/MystenLabs/sui.git", rev = "mainnet-v1.48.4", subdir = "crates/sui-framework/packages/sui-framework/" }

dependencies = [
  { id = "MoveStdlib", name = "MoveStdlib" },
]

[pinned.testnet.MoveStdlib]
source = { git = "https://github.com/MystenLabs/sui.git", subdir = "crates/sui-framework/packages/move-stdlib", rev = "24a06e81cd39ac4b210f1a15e5111eca65b3bcae" }
use_environment = "testnet"
manifest_digest = "C4FE4C91DE74CBF223B2E380AE40F592177D21870DC2D7EB6227D2D694E05363"
deps = {}

[[move.package]]
id = "enclave"
source = { local = "../enclave" }

dependencies = [
  { id = "Sui", name = "Sui" },
]

[move.toolchain-version]
compiler-version = "1.48.1"
edition = "2024.beta"
flavor = "sui"

[pinned.testnet.Sui]
source = { git = "https://github.com/MystenLabs/sui.git", subdir = "crates/sui-framework/packages/sui-framework", rev = "24a06e81cd39ac4b210f1a15e5111eca65b3bcae" }
use_environment = "testnet"
manifest_digest = "7AFB66695545775FBFBB2D3078ADFD084244D5002392E837FDE21D9EA1C6D01C"
deps = { MoveStdlib = "MoveStdlib" }

[pinned.testnet.app]
source = { root = true }
use_environment = "testnet"
manifest_digest = "EE56A53E9E387AF0E9CB50D1D8BDF54AE1C77174AF2EE19186C2FC9E90B2B43C"
deps = { Sui = "Sui", enclave = "enclave" }

[pinned.testnet.enclave]
source = { local = "../enclave" }
use_environment = "testnet"
manifest_digest = "E39991DA2274AA5477B7E0536AB13E28AAAC16A7916CDA884147EB6EE5202AE9"
deps = { Sui = "Sui" }
