# @generated by Move, please check-in and do not edit manually.

[move]
version = 3
manifest_digest = "FD7ECB82CFAB2278EE5CD5453AFBB0F2891C2E0086FA0B5B4B68D700EC7F0144"
deps_digest = "F8BBB0CCB2491CA29A3DF03D6F92277A4F3574266507ACD77214D37ECA3F3082"
dependencies = [
  { id = "Sui", name = "Sui" },
]

[[move.package]]
id = "MoveStdlib"
source = { git = "https://github.com/MystenLabs/sui.git", rev = "mainnet-v1.48.4", subdir = "crates/sui-framework/packages/move-stdlib" }

[[move.package]]
id = "Sui"
source = { git = "https://github.com/MystenLabs/sui.git", rev = "mainnet-v1.48.4", subdir = "crates/sui-framework/packages/sui-framework/" }

dependencies = [
  { id = "MoveStdlib", name = "MoveStdlib" },
]

[move.toolchain-version]
compiler-version = "1.48.1"
edition = "2024.beta"
flavor = "sui"

[env]

[env.testnet]
chain-id = "4c78adac"
original-published-id = "0xe8b04de8926dc6af85c603c7fa467410b85ff3ce5950298891fd4095adac84f1"
latest-published-id = "0xe8b04de8926dc6af85c603c7fa467410b85ff3ce5950298891fd4095adac84f1"
published-version = "1"

[env.devnet]
chain-id = "c2bef0b2"
original-published-id = "0x5baaf9849ff54513f6021d4a758fbb4cdb794eb344045d023b79e9c7d5a0d4b5"
latest-published-id = "0x5baaf9849ff54513f6021d4a758fbb4cdb794eb344045d023b79e9c7d5a0d4b5"
published-version = "1"
